
Microsoft Visual Studio Solution File, Format Version 12.00
# Visual Studio 15
VisualStudioVersion = 15.0.26403.7
MinimumVisualStudioVersion = 10.0.40219.1
Project("{FAE04EC0-301F-11D3-BF4B-00C04F79EFBC}") = "App.WebInfo.MVCUI", "App.WebInfo.MVCUI\App.WebInfo.MVCUI.csproj", "{F9F88580-C959-4894-BD28-AA2EEE680165}"
EndProject
Project("{FAE04EC0-301F-11D3-BF4B-00C04F79EFBC}") = "App.WebInfo.Entities", "App.WebInfo.Entities\App.WebInfo.Entities.csproj", "{99B30D2B-8E45-4B19-9282-1EA50871C8B3}"
EndProject
Project("{FAE04EC0-301F-11D3-BF4B-00C04F79EFBC}") = "App.WebInfo.Business", "App.WebInfo.Business\App.WebInfo.Business.csproj", "{0AC5D121-FDBF-4926-B900-668102C88635}"
EndProject
Project("{FAE04EC0-301F-11D3-BF4B-00C04F79EFBC}") = "App.WebInfo.DataAccess", "App.WebInfo.DataAccess\App.WebInfo.DataAccess.csproj", "{5CFB8983-0105-47C2-BA91-A1B96A41B141}"
EndProject
Project("{9A19103F-16F7-4668-BE54-9A1E7A4F7556}") = "App.Core", "App.Core\App.Core.csproj", "{1EA9B266-E6CB-4853-B02C-E54736BE1759}"
EndProject
Global
	GlobalSection(SolutionConfigurationPlatforms) = preSolution
		Debug|Any CPU = Debug|Any CPU
		Release|Any CPU = Release|Any CPU
	EndGlobalSection
	GlobalSection(ProjectConfigurationPlatforms) = postSolution
		{F9F88580-C959-4894-BD28-AA2EEE680165}.Debug|Any CPU.ActiveCfg = Debug|Any CPU
		{F9F88580-C959-4894-BD28-AA2EEE680165}.Debug|Any CPU.Build.0 = Debug|Any CPU
		{F9F88580-C959-4894-BD28-AA2EEE680165}.Release|Any CPU.ActiveCfg = Release|Any CPU
		{F9F88580-C959-4894-BD28-AA2EEE680165}.Release|Any CPU.Build.0 = Release|Any CPU
		{99B30D2B-8E45-4B19-9282-1EA50871C8B3}.Debug|Any CPU.ActiveCfg = Debug|Any CPU
		{99B30D2B-8E45-4B19-9282-1EA50871C8B3}.Debug|Any CPU.Build.0 = Debug|Any CPU
		{99B30D2B-8E45-4B19-9282-1EA50871C8B3}.Release|Any CPU.ActiveCfg = Release|Any CPU
		{99B30D2B-8E45-4B19-9282-1EA50871C8B3}.Release|Any CPU.Build.0 = Release|Any CPU
		{0AC5D121-FDBF-4926-B900-668102C88635}.Debug|Any CPU.ActiveCfg = Debug|Any CPU
		{0AC5D121-FDBF-4926-B900-668102C88635}.Debug|Any CPU.Build.0 = Debug|Any CPU
		{0AC5D121-FDBF-4926-B900-668102C88635}.Release|Any CPU.ActiveCfg = Release|Any CPU
		{0AC5D121-FDBF-4926-B900-668102C88635}.Release|Any CPU.Build.0 = Release|Any CPU
		{5CFB8983-0105-47C2-BA91-A1B96A41B141}.Debug|Any CPU.ActiveCfg = Debug|Any CPU
		{5CFB8983-0105-47C2-BA91-A1B96A41B141}.Debug|Any CPU.Build.0 = Debug|Any CPU
		{5CFB8983-0105-47C2-BA91-A1B96A41B141}.Release|Any CPU.ActiveCfg = Release|Any CPU
		{5CFB8983-0105-47C2-BA91-A1B96A41B141}.Release|Any CPU.Build.0 = Release|Any CPU
		{1EA9B266-E6CB-4853-B02C-E54736BE1759}.Debug|Any CPU.ActiveCfg = Debug|Any CPU
		{1EA9B266-E6CB-4853-B02C-E54736BE1759}.Debug|Any CPU.Build.0 = Debug|Any CPU
		{1EA9B266-E6CB-4853-B02C-E54736BE1759}.Release|Any CPU.ActiveCfg = Release|Any CPU
		{1EA9B266-E6CB-4853-B02C-E54736BE1759}.Release|Any CPU.Build.0 = Release|Any CPU
	EndGlobalSection
	GlobalSection(SolutionProperties) = preSolution
		HideSolutionNode = FALSE
	EndGlobalSection
EndGlobal
